// !$*UTF8*$!
{
	archiveVersion = 1;
	classes = {
	};
	objectVersion = 50;
	objects = {

/* Begin PBXBuildFile section */
		AA0A652B216D11710078ED78 /* AppDelegate.swift in Sources */ = {isa = PBXBuildFile; fileRef = AA0A652A216D11710078ED78 /* AppDelegate.swift */; };
		AA0A652D216D11710078ED78 /* ViewController.swift in Sources */ = {isa = PBXBuildFile; fileRef = AA0A652C216D11710078ED78 /* ViewController.swift */; };
		AA0A6530216D11710078ED78 /* Main.storyboard in Resources */ = {isa = PBXBuildFile; fileRef = AA0A652E216D11710078ED78 /* Main.storyboard */; };
		AA0A6532216D11730078ED78 /* Assets.xcassets in Resources */ = {isa = PBXBuildFile; fileRef = AA0A6531216D11730078ED78 /* Assets.xcassets */; };
		AA0A6535216D11730078ED78 /* LaunchScreen.storyboard in Resources */ = {isa = PBXBuildFile; fileRef = AA0A6533216D11730078ED78 /* LaunchScreen.storyboard */; };
		AA0A653D216D119D0078ED78 /* GoogleService-Info.plist in Resources */ = {isa = PBXBuildFile; fileRef = AA0A653C216D119C0078ED78 /* GoogleService-Info.plist */; };
		AA0A653F216D18E50078ED78 /* ComposeViewController.swift in Sources */ = {isa = PBXBuildFile; fileRef = AA0A653E216D18E50078ED78 /* ComposeViewController.swift */; };
		AA6A0E9B217552A300F403D8 /* publisherAuthenticatedViewControllerViewController.swift in Sources */ = {isa = PBXBuildFile; fileRef = AA6A0E99217552A300F403D8 /* publisherAuthenticatedViewControllerViewController.swift */; };
		AA6A0E9C217552A300F403D8 /* userAuthenticatedViewController.swift in Sources */ = {isa = PBXBuildFile; fileRef = AA6A0E9A217552A300F403D8 /* userAuthenticatedViewController.swift */; };
		AA6A0E9E2175735300F403D8 /* CategoryViewController.swift in Sources */ = {isa = PBXBuildFile; fileRef = AA6A0E9D2175735300F403D8 /* CategoryViewController.swift */; };
		AA6A0EA021757D0100F403D8 /* MainCategoryTableViewCell.swift in Sources */ = {isa = PBXBuildFile; fileRef = AA6A0E9F21757D0100F403D8 /* MainCategoryTableViewCell.swift */; };
		AAD239A4217E63B200C8DB9D /* StoryViewController.swift in Sources */ = {isa = PBXBuildFile; fileRef = AAD239A3217E63B200C8DB9D /* StoryViewController.swift */; };
		AAD239A6217E6C3700C8DB9D /* StoryTableViewCell.swift in Sources */ = {isa = PBXBuildFile; fileRef = AAD239A5217E6C3700C8DB9D /* StoryTableViewCell.swift */; };
		AAE5B053216E2D8D0089C886 /* SignOnViewController.swift in Sources */ = {isa = PBXBuildFile; fileRef = AAE5B052216E2D8D0089C886 /* SignOnViewController.swift */; };
		AAED15AF2176C8B40092BACD /* SubcategoryViewController.swift in Sources */ = {isa = PBXBuildFile; fileRef = AAED15AE2176C8B40092BACD /* SubcategoryViewController.swift */; };
		AAED15B12176CF9C0092BACD /* SubCategoryTableViewCell.swift in Sources */ = {isa = PBXBuildFile; fileRef = AAED15B02176CF9C0092BACD /* SubCategoryTableViewCell.swift */; };
		AAED15B32178E0D30092BACD /* NewStoryViewController.swift in Sources */ = {isa = PBXBuildFile; fileRef = AAED15B22178E0D30092BACD /* NewStoryViewController.swift */; };
		C8835C0FF2A0718A6628DC71 /* Pods_newsapp.framework in Frameworks */ = {isa = PBXBuildFile; fileRef = 3AA258CB593F9C6876DADA7F /* Pods_newsapp.framework */; };
/* End PBXBuildFile section */

/* Begin PBXFileReference section */
		3AA258CB593F9C6876DADA7F /* Pods_newsapp.framework */ = {isa = PBXFileReference; explicitFileType = wrapper.framework; includeInIndex = 0; path = Pods_newsapp.framework; sourceTree = BUILT_PRODUCTS_DIR; };
		4A096C63CACAD01F4B69A817 /* Pods-newsapp.release.xcconfig */ = {isa = PBXFileReference; includeInIndex = 1; lastKnownFileType = text.xcconfig; name = "Pods-newsapp.release.xcconfig"; path = "Pods/Target Support Files/Pods-newsapp/Pods-newsapp.release.xcconfig"; sourceTree = "<group>"; };
		AA0A6527216D11710078ED78 /* newsapp.app */ = {isa = PBXFileReference; explicitFileType = wrapper.application; includeInIndex = 0; path = newsapp.app; sourceTree = BUILT_PRODUCTS_DIR; };
		AA0A652A216D11710078ED78 /* AppDelegate.swift */ = {isa = PBXFileReference; lastKnownFileType = sourcecode.swift; path = AppDelegate.swift; sourceTree = "<group>"; };
		AA0A652C216D11710078ED78 /* ViewController.swift */ = {isa = PBXFileReference; lastKnownFileType = sourcecode.swift; path = ViewController.swift; sourceTree = "<group>"; };
		AA0A652F216D11710078ED78 /* Base */ = {isa = PBXFileReference; lastKnownFileType = file.storyboard; name = Base; path = Base.lproj/Main.storyboard; sourceTree = "<group>"; };
		AA0A6531216D11730078ED78 /* Assets.xcassets */ = {isa = PBXFileReference; lastKnownFileType = folder.assetcatalog; path = Assets.xcassets; sourceTree = "<group>"; };
		AA0A6534216D11730078ED78 /* Base */ = {isa = PBXFileReference; lastKnownFileType = file.storyboard; name = Base; path = Base.lproj/LaunchScreen.storyboard; sourceTree = "<group>"; };
		AA0A6536216D11730078ED78 /* Info.plist */ = {isa = PBXFileReference; lastKnownFileType = text.plist.xml; path = Info.plist; sourceTree = "<group>"; };
		AA0A653C216D119C0078ED78 /* GoogleService-Info.plist */ = {isa = PBXFileReference; fileEncoding = 4; lastKnownFileType = text.plist.xml; path = "GoogleService-Info.plist"; sourceTree = "<group>"; };
		AA0A653E216D18E50078ED78 /* ComposeViewController.swift */ = {isa = PBXFileReference; lastKnownFileType = sourcecode.swift; path = ComposeViewController.swift; sourceTree = "<group>"; };
		AA6A0E99217552A300F403D8 /* publisherAuthenticatedViewControllerViewController.swift */ = {isa = PBXFileReference; fileEncoding = 4; lastKnownFileType = sourcecode.swift; path = publisherAuthenticatedViewControllerViewController.swift; sourceTree = "<group>"; };
		AA6A0E9A217552A300F403D8 /* userAuthenticatedViewController.swift */ = {isa = PBXFileReference; fileEncoding = 4; lastKnownFileType = sourcecode.swift; path = userAuthenticatedViewController.swift; sourceTree = "<group>"; };
		AA6A0E9D2175735300F403D8 /* CategoryViewController.swift */ = {isa = PBXFileReference; lastKnownFileType = sourcecode.swift; path = CategoryViewController.swift; sourceTree = "<group>"; };
		AA6A0E9F21757D0100F403D8 /* MainCategoryTableViewCell.swift */ = {isa = PBXFileReference; lastKnownFileType = sourcecode.swift; path = MainCategoryTableViewCell.swift; sourceTree = "<group>"; };
		AAD239A3217E63B200C8DB9D /* StoryViewController.swift */ = {isa = PBXFileReference; lastKnownFileType = sourcecode.swift; path = StoryViewController.swift; sourceTree = "<group>"; };
		AAD239A5217E6C3700C8DB9D /* StoryTableViewCell.swift */ = {isa = PBXFileReference; lastKnownFileType = sourcecode.swift; path = StoryTableViewCell.swift; sourceTree = "<group>"; };
		AAE5B052216E2D8D0089C886 /* SignOnViewController.swift */ = {isa = PBXFileReference; lastKnownFileType = sourcecode.swift; path = SignOnViewController.swift; sourceTree = "<group>"; };
		AAED15AE2176C8B40092BACD /* SubcategoryViewController.swift */ = {isa = PBXFileReference; lastKnownFileType = sourcecode.swift; path = SubcategoryViewController.swift; sourceTree = "<group>"; };
		AAED15B02176CF9C0092BACD /* SubCategoryTableViewCell.swift */ = {isa = PBXFileReference; lastKnownFileType = sourcecode.swift; path = SubCategoryTableViewCell.swift; sourceTree = "<group>"; };
		AAED15B22178E0D30092BACD /* NewStoryViewController.swift */ = {isa = PBXFileReference; lastKnownFileType = sourcecode.swift; path = NewStoryViewController.swift; sourceTree = "<group>"; };
		E7455B8FBC0C6CE4FD4F39E6 /* Pods-newsapp.debug.xcconfig */ = {isa = PBXFileReference; includeInIndex = 1; lastKnownFileType = text.xcconfig; name = "Pods-newsapp.debug.xcconfig"; path = "Pods/Target Support Files/Pods-newsapp/Pods-newsapp.debug.xcconfig"; sourceTree = "<group>"; };
/* End PBXFileReference section */

/* Begin PBXFrameworksBuildPhase section */
		AA0A6524216D11710078ED78 /* Frameworks */ = {
			isa = PBXFrameworksBuildPhase;
			buildActionMask = 2147483647;
			files = (
				C8835C0FF2A0718A6628DC71 /* Pods_newsapp.framework in Frameworks */,
			);
			runOnlyForDeploymentPostprocessing = 0;
		};
/* End PBXFrameworksBuildPhase section */

/* Begin PBXGroup section */
		2EA88E637D19928668C6852D /* Frameworks */ = {
			isa = PBXGroup;
			children = (
				3AA258CB593F9C6876DADA7F /* Pods_newsapp.framework */,
			);
			name = Frameworks;
			sourceTree = "<group>";
		};
		AA0A651E216D11710078ED78 = {
			isa = PBXGroup;
			children = (
				AA0A6529216D11710078ED78 /* newsapp */,
				AA0A6528216D11710078ED78 /* Products */,
				BF9C5F86305CE92935A21301 /* Pods */,
				2EA88E637D19928668C6852D /* Frameworks */,
			);
			sourceTree = "<group>";
		};
		AA0A6528216D11710078ED78 /* Products */ = {
			isa = PBXGroup;
			children = (
				AA0A6527216D11710078ED78 /* newsapp.app */,
			);
			name = Products;
			sourceTree = "<group>";
		};
		AA0A6529216D11710078ED78 /* newsapp */ = {
			isa = PBXGroup;
			children = (
				AA0A653C216D119C0078ED78 /* GoogleService-Info.plist */,
				AA0A6536216D11730078ED78 /* Info.plist */,
				AA0A6533216D11730078ED78 /* LaunchScreen.storyboard */,
				AA0A652A216D11710078ED78 /* AppDelegate.swift */,
				AA0A6531216D11730078ED78 /* Assets.xcassets */,
				AA0A652E216D11710078ED78 /* Main.storyboard */,
				AA6A0E99217552A300F403D8 /* publisherAuthenticatedViewControllerViewController.swift */,
				AA6A0E9A217552A300F403D8 /* userAuthenticatedViewController.swift */,
				AA0A652C216D11710078ED78 /* ViewController.swift */,
				AA0A653E216D18E50078ED78 /* ComposeViewController.swift */,
				AAE5B052216E2D8D0089C886 /* SignOnViewController.swift */,
				AA6A0E9D2175735300F403D8 /* CategoryViewController.swift */,
				AAED15AE2176C8B40092BACD /* SubcategoryViewController.swift */,
				AA6A0E9F21757D0100F403D8 /* MainCategoryTableViewCell.swift */,
				AAED15B02176CF9C0092BACD /* SubCategoryTableViewCell.swift */,
				AAED15B22178E0D30092BACD /* NewStoryViewController.swift */,
				AAD239A3217E63B200C8DB9D /* StoryViewController.swift */,
				AAD239A5217E6C3700C8DB9D /* StoryTableViewCell.swift */,
			);
			path = newsapp;
			sourceTree = "<group>";
		};
		BF9C5F86305CE92935A21301 /* Pods */ = {
			isa = PBXGroup;
			children = (
				E7455B8FBC0C6CE4FD4F39E6 /* Pods-newsapp.debug.xcconfig */,
				4A096C63CACAD01F4B69A817 /* Pods-newsapp.release.xcconfig */,
			);
			name = Pods;
			sourceTree = "<group>";
		};
/* End PBXGroup section */

/* Begin PBXNativeTarget section */
		AA0A6526216D11710078ED78 /* newsapp */ = {
			isa = PBXNativeTarget;
			buildConfigurationList = AA0A6539216D11730078ED78 /* Build configuration list for PBXNativeTarget "newsapp" */;
			buildPhases = (
				478654E7788424B9B5A12538 /* [CP] Check Pods Manifest.lock */,
				AA0A6523216D11710078ED78 /* Sources */,
				AA0A6524216D11710078ED78 /* Frameworks */,
				AA0A6525216D11710078ED78 /* Resources */,
				97A7B257B55FD056A0207AAB /* [CP] Embed Pods Frameworks */,
			);
			buildRules = (
			);
			dependencies = (
			);
			name = newsapp;
			productName = newsapp;
			productReference = AA0A6527216D11710078ED78 /* newsapp.app */;
			productType = "com.apple.product-type.application";
		};
/* End PBXNativeTarget section */

/* Begin PBXProject section */
		AA0A651F216D11710078ED78 /* Project object */ = {
			isa = PBXProject;
			attributes = {
				LastSwiftUpdateCheck = 1000;
				LastUpgradeCheck = 1000;
				ORGANIZATIONNAME = CMSC424IOS;
				TargetAttributes = {
					AA0A6526216D11710078ED78 = {
						CreatedOnToolsVersion = 10.0;
					};
				};
			};
			buildConfigurationList = AA0A6522216D11710078ED78 /* Build configuration list for PBXProject "newsapp" */;
			compatibilityVersion = "Xcode 9.3";
			developmentRegion = en;
			hasScannedForEncodings = 0;
			knownRegions = (
				en,
				Base,
			);
			mainGroup = AA0A651E216D11710078ED78;
			productRefGroup = AA0A6528216D11710078ED78 /* Products */;
			projectDirPath = "";
			projectRoot = "";
			targets = (
				AA0A6526216D11710078ED78 /* newsapp */,
			);
		};
/* End PBXProject section */

/* Begin PBXResourcesBuildPhase section */
		AA0A6525216D11710078ED78 /* Resources */ = {
			isa = PBXResourcesBuildPhase;
			buildActionMask = 2147483647;
			files = (
				AA0A6535216D11730078ED78 /* LaunchScreen.storyboard in Resources */,
				AA0A653D216D119D0078ED78 /* GoogleService-Info.plist in Resources */,
				AA0A6532216D11730078ED78 /* Assets.xcassets in Resources */,
				AA0A6530216D11710078ED78 /* Main.storyboard in Resources */,
			);
			runOnlyForDeploymentPostprocessing = 0;
		};
/* End PBXResourcesBuildPhase section */

/* Begin PBXShellScriptBuildPhase section */
		478654E7788424B9B5A12538 /* [CP] Check Pods Manifest.lock */ = {
			isa = PBXShellScriptBuildPhase;
			buildActionMask = 2147483647;
			files = (
			);
			inputFileListPaths = (
			);
			inputPaths = (
				"${PODS_PODFILE_DIR_PATH}/Podfile.lock",
				"${PODS_ROOT}/Manifest.lock",
			);
			name = "[CP] Check Pods Manifest.lock";
			outputFileListPaths = (
			);
			outputPaths = (
				"$(DERIVED_FILE_DIR)/Pods-newsapp-checkManifestLockResult.txt",
			);
			runOnlyForDeploymentPostprocessing = 0;
			shellPath = /bin/sh;
			shellScript = "diff \"${PODS_PODFILE_DIR_PATH}/Podfile.lock\" \"${PODS_ROOT}/Manifest.lock\" > /dev/null\nif [ $? != 0 ] ; then\n    # print error to STDERR\n    echo \"error: The sandbox is not in sync with the Podfile.lock. Run 'pod install' or update your CocoaPods installation.\" >&2\n    exit 1\nfi\n# This output is used by Xcode 'outputs' to avoid re-running this script phase.\necho \"SUCCESS\" > \"${SCRIPT_OUTPUT_FILE_0}\"\n";
			showEnvVarsInLog = 0;
		};
		97A7B257B55FD056A0207AAB /* [CP] Embed Pods Frameworks */ = {
			isa = PBXShellScriptBuildPhase;
			buildActionMask = 2147483647;
			files = (
			);
			inputFileListPaths = (
			);
			inputPaths = (
				"${SRCROOT}/Pods/Target Support Files/Pods-newsapp/Pods-newsapp-frameworks.sh",
				"${BUILT_PRODUCTS_DIR}/GTMSessionFetcher/GTMSessionFetcher.framework",
				"${BUILT_PRODUCTS_DIR}/GoogleUtilities/GoogleUtilities.framework",
				"${BUILT_PRODUCTS_DIR}/IQKeyboardManagerSwift/IQKeyboardManagerSwift.framework",
				"${BUILT_PRODUCTS_DIR}/leveldb-library/leveldb.framework",
				"${BUILT_PRODUCTS_DIR}/nanopb/nanopb.framework",
			);
			name = "[CP] Embed Pods Frameworks";
			outputFileListPaths = (
			);
			outputPaths = (
				"${TARGET_BUILD_DIR}/${FRAMEWORKS_FOLDER_PATH}/GTMSessionFetcher.framework",
				"${TARGET_BUILD_DIR}/${FRAMEWORKS_FOLDER_PATH}/GoogleUtilities.framework",
				"${TARGET_BUILD_DIR}/${FRAMEWORKS_FOLDER_PATH}/IQKeyboardManagerSwift.framework",
				"${TARGET_BUILD_DIR}/${FRAMEWORKS_FOLDER_PATH}/leveldb.framework",
				"${TARGET_BUILD_DIR}/${FRAMEWORKS_FOLDER_PATH}/nanopb.framework",
			);
			runOnlyForDeploymentPostprocessing = 0;
			shellPath = /bin/sh;
			shellScript = "\"${SRCROOT}/Pods/Target Support Files/Pods-newsapp/Pods-newsapp-frameworks.sh\"\n";
			showEnvVarsInLog = 0;
		};
/* End PBXShellScriptBuildPhase section */

/* Begin PBXSourcesBuildPhase section */
		AA0A6523216D11710078ED78 /* Sources */ = {
			isa = PBXSourcesBuildPhase;
			buildActionMask = 2147483647;
			files = (
				AAD239A4217E63B200C8DB9D /* StoryViewController.swift in Sources */,
				AA6A0EA021757D0100F403D8 /* MainCategoryTableViewCell.swift in Sources */,
				AAED15B32178E0D30092BACD /* NewStoryViewController.swift in Sources */,
				AA0A653F216D18E50078ED78 /* ComposeViewController.swift in Sources */,
				AAED15B12176CF9C0092BACD /* SubCategoryTableViewCell.swift in Sources */,
				AA0A652D216D11710078ED78 /* ViewController.swift in Sources */,
				AA6A0E9E2175735300F403D8 /* CategoryViewController.swift in Sources */,
				AA6A0E9B217552A300F403D8 /* publisherAuthenticatedViewControllerViewController.swift in Sources */,
				AA6A0E9C217552A300F403D8 /* userAuthenticatedViewController.swift in Sources */,
				AAD239A6217E6C3700C8DB9D /* StoryTableViewCell.swift in Sources */,
				AAE5B053216E2D8D0089C886 /* SignOnViewController.swift in Sources */,
				AA0A652B216D11710078ED78 /* AppDelegate.swift in Sources */,
				AAED15AF2176C8B40092BACD /* SubcategoryViewController.swift in Sources */,
			);
			runOnlyForDeploymentPostprocessing = 0;
		};
/* End PBXSourcesBuildPhase section */

/* Begin PBXVariantGroup section */
		AA0A652E216D11710078ED78 /* Main.storyboard */ = {
			isa = PBXVariantGroup;
			children = (
				AA0A652F216D11710078ED78 /* Base */,
			);
			name = Main.storyboard;
			sourceTree = "<group>";
		};
		AA0A6533216D11730078ED78 /* LaunchScreen.storyboard */ = {
			isa = PBXVariantGroup;
			children = (
				AA0A6534216D11730078ED78 /* Base */,
			);
			name = LaunchScreen.storyboard;
			sourceTree = "<group>";
		};
/* End PBXVariantGroup section */

/* Begin XCBuildConfiguration section */
		AA0A6537216D11730078ED78 /* Debug */ = {
			isa = XCBuildConfiguration;
			buildSettings = {
				ALWAYS_SEARCH_USER_PATHS = NO;
				CLANG_ANALYZER_NONNULL = YES;
				CLANG_ANALYZER_NUMBER_OBJECT_CONVERSION = YES_AGGRESSIVE;
				CLANG_CXX_LANGUAGE_STANDARD = "gnu++14";
				CLANG_CXX_LIBRARY = "libc++";
				CLANG_ENABLE_MODULES = YES;
				CLANG_ENABLE_OBJC_ARC = YES;
				CLANG_ENABLE_OBJC_WEAK = YES;
				CLANG_WARN_BLOCK_CAPTURE_AUTORELEASING = YES;
				CLANG_WARN_BOOL_CONVERSION = YES;
				CLANG_WARN_COMMA = YES;
				CLANG_WARN_CONSTANT_CONVERSION = YES;
				CLANG_WARN_DEPRECATED_OBJC_IMPLEMENTATIONS = YES;
				CLANG_WARN_DIRECT_OBJC_ISA_USAGE = YES_ERROR;
				CLANG_WARN_DOCUMENTATION_COMMENTS = YES;
				CLANG_WARN_EMPTY_BODY = YES;
				CLANG_WARN_ENUM_CONVERSION = YES;
				CLANG_WARN_INFINITE_RECURSION = YES;
				CLANG_WARN_INT_CONVERSION = YES;
				CLANG_WARN_NON_LITERAL_NULL_CONVERSION = YES;
				CLANG_WARN_OBJC_IMPLICIT_RETAIN_SELF = YES;
				CLANG_WARN_OBJC_LITERAL_CONVERSION = YES;
				CLANG_WARN_OBJC_ROOT_CLASS = YES_ERROR;
				CLANG_WARN_RANGE_LOOP_ANALYSIS = YES;
				CLANG_WARN_STRICT_PROTOTYPES = YES;
				CLANG_WARN_SUSPICIOUS_MOVE = YES;
				CLANG_WARN_UNGUARDED_AVAILABILITY = YES_AGGRESSIVE;
				CLANG_WARN_UNREACHABLE_CODE = YES;
				CLANG_WARN__DUPLICATE_METHOD_MATCH = YES;
				CODE_SIGN_IDENTITY = "iPhone Developer";
				COPY_PHASE_STRIP = NO;
				DEBUG_INFORMATION_FORMAT = dwarf;
				ENABLE_STRICT_OBJC_MSGSEND = YES;
				ENABLE_TESTABILITY = YES;
				GCC_C_LANGUAGE_STANDARD = gnu11;
				GCC_DYNAMIC_NO_PIC = NO;
				GCC_NO_COMMON_BLOCKS = YES;
				GCC_OPTIMIZATION_LEVEL = 0;
				GCC_PREPROCESSOR_DEFINITIONS = (
					"DEBUG=1",
					"$(inherited)",
				);
				GCC_WARN_64_TO_32_BIT_CONVERSION = YES;
				GCC_WARN_ABOUT_RETURN_TYPE = YES_ERROR;
				GCC_WARN_UNDECLARED_SELECTOR = YES;
				GCC_WARN_UNINITIALIZED_AUTOS = YES_AGGRESSIVE;
				GCC_WARN_UNUSED_FUNCTION = YES;
				GCC_WARN_UNUSED_VARIABLE = YES;
				IPHONEOS_DEPLOYMENT_TARGET = 12.0;
				MTL_ENABLE_DEBUG_INFO = INCLUDE_SOURCE;
				MTL_FAST_MATH = YES;
				ONLY_ACTIVE_ARCH = YES;
				SDKROOT = iphoneos;
				SWIFT_ACTIVE_COMPILATION_CONDITIONS = DEBUG;
				SWIFT_OPTIMIZATION_LEVEL = "-Onone";
			};
			name = Debug;
		};
		AA0A6538216D11730078ED78 /* Release */ = {
			isa = XCBuildConfiguration;
			buildSettings = {
				ALWAYS_SEARCH_USER_PATHS = NO;
				CLANG_ANALYZER_NONNULL = YES;
				CLANG_ANALYZER_NUMBER_OBJECT_CONVERSION = YES_AGGRESSIVE;
				CLANG_CXX_LANGUAGE_STANDARD = "gnu++14";
				CLANG_CXX_LIBRARY = "libc++";
				CLANG_ENABLE_MODULES = YES;
				CLANG_ENABLE_OBJC_ARC = YES;
				CLANG_ENABLE_OBJC_WEAK = YES;
				CLANG_WARN_BLOCK_CAPTURE_AUTORELEASING = YES;
				CLANG_WARN_BOOL_CONVERSION = YES;
				CLANG_WARN_COMMA = YES;
				CLANG_WARN_CONSTANT_CONVERSION = YES;
				CLANG_WARN_DEPRECATED_OBJC_IMPLEMENTATIONS = YES;
				CLANG_WARN_DIRECT_OBJC_ISA_USAGE = YES_ERROR;
				CLANG_WARN_DOCUMENTATION_COMMENTS = YES;
				CLANG_WARN_EMPTY_BODY = YES;
				CLANG_WARN_ENUM_CONVERSION = YES;
				CLANG_WARN_INFINITE_RECURSION = YES;
				CLANG_WARN_INT_CONVERSION = YES;
				CLANG_WARN_NON_LITERAL_NULL_CONVERSION = YES;
				CLANG_WARN_OBJC_IMPLICIT_RETAIN_SELF = YES;
				CLANG_WARN_OBJC_LITERAL_CONVERSION = YES;
				CLANG_WARN_OBJC_ROOT_CLASS = YES_ERROR;
				CLANG_WARN_RANGE_LOOP_ANALYSIS = YES;
				CLANG_WARN_STRICT_PROTOTYPES = YES;
				CLANG_WARN_SUSPICIOUS_MOVE = YES;
				CLANG_WARN_UNGUARDED_AVAILABILITY = YES_AGGRESSIVE;
				CLANG_WARN_UNREACHABLE_CODE = YES;
				CLANG_WARN__DUPLICATE_METHOD_MATCH = YES;
				CODE_SIGN_IDENTITY = "iPhone Developer";
				COPY_PHASE_STRIP = NO;
				DEBUG_INFORMATION_FORMAT = "dwarf-with-dsym";
				ENABLE_NS_ASSERTIONS = NO;
				ENABLE_STRICT_OBJC_MSGSEND = YES;
				GCC_C_LANGUAGE_STANDARD = gnu11;
				GCC_NO_COMMON_BLOCKS = YES;
				GCC_WARN_64_TO_32_BIT_CONVERSION = YES;
				GCC_WARN_ABOUT_RETURN_TYPE = YES_ERROR;
				GCC_WARN_UNDECLARED_SELECTOR = YES;
				GCC_WARN_UNINITIALIZED_AUTOS = YES_AGGRESSIVE;
				GCC_WARN_UNUSED_FUNCTION = YES;
				GCC_WARN_UNUSED_VARIABLE = YES;
				IPHONEOS_DEPLOYMENT_TARGET = 12.0;
				MTL_ENABLE_DEBUG_INFO = NO;
				MTL_FAST_MATH = YES;
				SDKROOT = iphoneos;
				SWIFT_COMPILATION_MODE = wholemodule;
				SWIFT_OPTIMIZATION_LEVEL = "-O";
				VALIDATE_PRODUCT = YES;
			};
			name = Release;
		};
		AA0A653A216D11730078ED78 /* Debug */ = {
			isa = XCBuildConfiguration;
			baseConfigurationReference = E7455B8FBC0C6CE4FD4F39E6 /* Pods-newsapp.debug.xcconfig */;
			buildSettings = {
				ASSETCATALOG_COMPILER_APPICON_NAME = AppIcon;
				CODE_SIGN_STYLE = Automatic;
				DEVELOPMENT_TEAM = 28SD2HYVTT;
				INFOPLIST_FILE = newsapp/Info.plist;
				LD_RUNPATH_SEARCH_PATHS = (
					"$(inherited)",
					"@executable_path/Frameworks",
				);
				PRODUCT_BUNDLE_IDENTIFIER = com.CMSC424project.newsapp;
				PRODUCT_NAME = "$(TARGET_NAME)";
				SWIFT_VERSION = 4.2;
				TARGETED_DEVICE_FAMILY = "1,2";
			};
			name = Debug;
		};
		AA0A653B216D11730078ED78 /* Release */ = {
			isa = XCBuildConfiguration;
			baseConfigurationReference = 4A096C63CACAD01F4B69A817 /* Pods-newsapp.release.xcconfig */;
			buildSettings = {
				ASSETCATALOG_COMPILER_APPICON_NAME = AppIcon;
				CODE_SIGN_STYLE = Automatic;
				DEVELOPMENT_TEAM = 28SD2HYVTT;
				INFOPLIST_FILE = newsapp/Info.plist;
				LD_RUNPATH_SEARCH_PATHS = (
					"$(inherited)",
					"@executable_path/Frameworks",
				);
				PRODUCT_BUNDLE_IDENTIFIER = com.CMSC424project.newsapp;
				PRODUCT_NAME = "$(TARGET_NAME)";
				SWIFT_VERSION = 4.2;
				TARGETED_DEVICE_FAMILY = "1,2";
			};
			name = Release;
		};
/* End XCBuildConfiguration section */

/* Begin XCConfigurationList section */
		AA0A6522216D11710078ED78 /* Build configuration list for PBXProject "newsapp" */ = {
			isa = XCConfigurationList;
			buildConfigurations = (
				AA0A6537216D11730078ED78 /* Debug */,
				AA0A6538216D11730078ED78 /* Release */,
			);
			defaultConfigurationIsVisible = 0;
			defaultConfigurationName = Release;
		};
		AA0A6539216D11730078ED78 /* Build configuration list for PBXNativeTarget "newsapp" */ = {
			isa = XCConfigurationList;
			buildConfigurations = (
				AA0A653A216D11730078ED78 /* Debug */,
				AA0A653B216D11730078ED78 /* Release */,
			);
			defaultConfigurationIsVisible = 0;
			defaultConfigurationName = Release;
		};
/* End XCConfigurationList section */
	};
	rootObject = AA0A651F216D11710078ED78 /* Project object */;
}
